
Microsoft Visual Studio Solution File, Format Version 12.00
# Visual Studio Version 16
VisualStudioVersion = 16.0.32002.261
MinimumVisualStudioVersion = 10.0.40219.1
Project("{FAE04EC0-301F-11D3-BF4B-00C04F79EFBC}") = "FluentInterface", "FluentInterface\FluentInterface.csproj", "{780EA58C-BED0-46BC-987F-CE60DCD93526}"
EndProject
Global
	GlobalSection(SolutionConfigurationPlatforms) = preSolution
		Debug|Any CPU = Debug|Any CPU
		Release|Any CPU = Release|Any CPU
	EndGlobalSection
	GlobalSection(ProjectConfigurationPlatforms) = postSolution
		{780EA58C-BED0-46BC-987F-CE60DCD93526}.Debug|Any CPU.ActiveCfg = Debug|Any CPU
		{780EA58C-BED0-46BC-987F-CE60DCD93526}.Debug|Any CPU.Build.0 = Debug|Any CPU
		{780EA58C-BED0-46BC-987F-CE60DCD93526}.Release|Any CPU.ActiveCfg = Release|Any CPU
		{780EA58C-BED0-46BC-987F-CE60DCD93526}.Release|Any CPU.Build.0 = Release|Any CPU
	EndGlobalSection
	GlobalSection(SolutionProperties) = preSolution
		HideSolutionNode = FALSE
	EndGlobalSection
	GlobalSection(ExtensibilityGlobals) = postSolution
		SolutionGuid = {4955632D-F748-4E21-8CF9-02E0E8A5A1FA}
	EndGlobalSection
EndGlobal
